PODS:
  - Alamofire (4.0.1)
  - ALDataRequestView/Core (2.0.0):
    - PureLayout
    - ReachabilitySwift (~> 3)
  - ALDataRequestView/ReactiveCocoa (2.0.0):
    - ALDataRequestView/Core
    - ReactiveSwift (= 1.0.0-alpha.3)
  - ALReactiveCocoaExtension (4.0.1):
    - Moya (= 8.0.0-beta.3)
    - ReactiveSwift (= 1.0.0-alpha.3)
  - JASON (3.0)
  - Moya (8.0.0-beta.3):
    - Moya/Core (= 8.0.0-beta.3)
  - Moya-JASONMapper (2.0.0):
    - Moya-JASONMapper/Core (= 2.0.0)
  - Moya-JASONMapper/Core (2.0.0):
    - JASON
    - Moya (= 8.0.0-beta.3)
  - Moya-JASONMapper/ReactiveCocoa (2.0.0):
    - Moya-JASONMapper/Core
    - Moya/ReactiveCocoa
    - ReactiveSwift (= 1.0.0-alpha.3)
  - Moya/Core (8.0.0-beta.3):
    - Alamofire (~> 4.0.0)
    - Result
  - Moya/ReactiveCocoa (8.0.0-beta.3):
    - Moya/Core
    - ReactiveSwift
  - Nuke (4.1.2)
  - PureLayout (3.0.2)
  - ReachabilitySwift (3)
  - ReactiveSwift (1.0.0-alpha.3):
    - Result (~> 3.0)
  - Result (3.0.0)
  - RxCocoa (3.0.1):
    - RxSwift (~> 3.0)
  - RxSwift (3.0.1)

DEPENDENCIES:
  - ALDataRequestView/ReactiveCocoa (from `https://github.com/AvdLee/ALDataRequestView`)
  - ALReactiveCocoaExtension
  - Moya-JASONMapper
  - Moya-JASONMapper/ReactiveCocoa
  - Moya/ReactiveCocoa
  - Nuke
  - ReactiveSwift
  - RxCocoa
  - RxSwift

EXTERNAL SOURCES:
  ALDataRequestView:
    :git: https://github.com/AvdLee/ALDataRequestView

CHECKOUT OPTIONS:
  ALDataRequestView:
    :commit: 5dac8e5a3c597a479fbda958d31f8a30cf0a88df
    :git: https://github.com/AvdLee/ALDataRequestView

SPEC CHECKSUMS:
  Alamofire: 7682d43245de14874acd142ec137b144aa1dd335
  ALDataRequestView: 467c8ff3bd5cfec9d8fb39c839d9e65677323309
  ALReactiveCocoaExtension: ec0e3a3e8b6546f8e09f9010c04e5f61651c272d
  JASON: cf4d762e61428a20db8eaef2acb6a569a10c1801
  Moya: f83c7f81eaa28cb0151549dfcf1f3fda4440bb50
  Moya-JASONMapper: d3af2b48acc432a97ff3da0552ddc8c5689559dc
  Nuke: 7cfd2acdf90c36f66e6ea40795bac0d851a9afe0
  PureLayout: 4d550abe49a94f24c2808b9b95db9131685fe4cd
  ReachabilitySwift: f5b9bb30a0777fac8f09ce8b067e32faeb29bb64
  ReactiveSwift: d67b677f9574ba614d94022a88fcf456e77fa515
  Result: 1b3e431f37cbcd3ad89c6aa9ab0ae55515fae3b6
  RxCocoa: 15a52fc590dcc700cb4a690a633b5c5184ce3a78
  RxSwift: af5680055c4ad04480189c52d28385b1029493a6

PODFILE CHECKSUM: 47b1ef20f2f7d039ed285deedf9e33ea0faa24d4

COCOAPODS: 1.1.1
